{
    "_meta": {
        "hash": {
            "sha256": "e21d72c8e8542f0a73896abe22798c7224816e76450d94da23c451282d372558"
        },
        "pipfile-spec": 6,
        "requires": {
            "python_version": "3.10"
        },
        "sources": [
            {
                "name": "pypi",
                "url": "https://pypi.org/simple",
                "verify_ssl": true
            }
        ]
    },
    "default": {
        "asgiref": {
            "hashes": [
                "sha256:3e1e3ecc849832fe52ccf2cb6686b7a55f82bb1d6aee72a58826471390335e47",
                "sha256:c343bd80a0bec947a9860adb4c432ffa7db769836c64238fc34bdc3fec84d590"
            ],
            "markers": "python_version >= '3.8'",
            "version": "==3.8.1"
        },
        "crispy-tailwind": {
            "hashes": [
                "sha256:2bc9f616d406e4b003f25d46fcb0079f1c2522719d97adb107667271d849459a",
                "sha256:31427f66b1c4fd0d6fb040f4197cfb97d104cdbe7641ea2dea940c0057c4db4b"
            ],
            "index": "pypi",
            "markers": "python_version >= '3.8'",
            "version": "==1.0.3"
        },
        "django": {
            "hashes": [
                "sha256:236e023f021f5ce7dee5779de7b286565fdea5f4ab86bae5338e3f7b69896cf0",
                "sha256:de450c09e91879fa5a307f696e57c851955c910a438a35e6b4c895e86bedc82a"
            ],
            "index": "pypi",
            "markers": "python_version >= '3.10'",
            "version": "==5.1.4"
        },
        "django-crispy-forms": {
            "hashes": [
                "sha256:2db17ae08527201be1273f0df789e5f92819e23dd28fec69cffba7f3762e1a38",
                "sha256:efc4c31e5202bbec6af70d383a35e12fc80ea769d464fb0e7fe21768bb138a20"
            ],
            "index": "pypi",
            "markers": "python_version >= '3.8'",
            "version": "==2.3"
        },
        "django-tailwind": {
            "hashes": [
                "sha256:31c2f4a7879d685c2de0feaf0b63f246200b37337bea4d7dbafb59bc3f10c008",
                "sha256:fa969c5b95d314b173fe2b2ed2cb2c03f2e2c94fdc2c01ff73a993fa159085da"
            ],
            "index": "pypi",
            "markers": "python_full_version >= '3.10.0' and python_full_version < '4.0.0'",
            "version": "==3.8.0"
        },
        "sqlparse": {
            "hashes": [
                "sha256:09f67787f56a0b16ecdbde1bfc7f5d9c3371ca683cfeaa8e6ff60b4807ec9272",
                "sha256:cf2196ed3418f3ba5de6af7e82c694a9fbdbfecccdfc72e281548517081f16ca"
            ],
            "markers": "python_version >= '3.8'",
            "version": "==0.5.3"
        },
        "typing-extensions": {
            "hashes": [
                "sha256:04e5ca0351e0f3f85c6853954072df659d0d13fac324d0072316b67d7794700d",
                "sha256:1a7ead55c7e559dd4dee8856e3a88b41225abfe1ce8df57b7c13915fe121ffb8"
            ],
            "markers": "python_version < '3.11'",
            "version": "==4.12.2"
        },
        "tzdata": {
            "hashes": [
                "sha256:7d85cc416e9382e69095b7bdf4afd9e3880418a2413feec7069d533d6b4e31cc",
                "sha256:a48093786cdcde33cad18c2555e8532f34422074448fbc874186f0abd79565cd"
            ],
            "markers": "sys_platform == 'win32'",
            "version": "==2024.2"
        }
    },
    "develop": {}
}
